github.com/aws/aws-lambda-go v1.6.0 h1:T+u/g79zPKw1oJM7xYhvpq7i4Sjc0iVsXZUaqRVVSOg=
github.com/aws/aws-lambda-go v1.6.0/go.mod h1:zUsUQhAUjYzR8AuduJPCfhBuKWUaDbQiPOG+ouzmE1A=
github.com/deckarep/golang-set v1.7.1/go.mod h1:93vsz/8Wt4joVM7c2AVqh+YRMiUSc14yDtF28KmMOgQ=
github.com/go-sql-driver/mysql v1.5.0 h1:ozyZYNQW3x3HtqT1jira07DN2PArx2v7/mN66gGcHOs=
github.com/go-sql-driver/mysql v1.5.0/go.mod h1:DCzpHaOWr8IXmIStZouvnhqoel9Qv2LBy8hT2VhHyBg=
github.com/sony/sonyflake v1.0.0 h1:MpU6Ro7tfXwgn2l5eluf9xQvQJDROTBImNCfRXn/YeM=
github.com/sony/sonyflake v1.0.0/go.mod h1:Jv3cfhf/UFtolOTTRd3q4Nl6ENqM+KfyZ5PseKfZGF4=
